Microsoft Visual Studio Solution File, Format Version 12.00
# Visual Studio 2012
Project("{FAE04EC0-301F-11D3-BF4B-00C04F79EFBC}") = "VoxelTerra", "VoxelTerra.csproj", "{1B7CC020-C946-4CC3-A5F8-6E704BE4C002}"
EndProject
Global
	GlobalSection(SolutionConfigurationPlatforms) = preSolution
	Debug|Any CPU = Debug|Any CPU
	ExportDebug|Any CPU = ExportDebug|Any CPU
	ExportRelease|Any CPU = ExportRelease|Any CPU
	EndGlobalSection
	GlobalSection(ProjectConfigurationPlatforms) = postSolution
		{1B7CC020-C946-4CC3-A5F8-6E704BE4C002}.Debug|Any CPU.ActiveCfg = Debug|Any CPU
		{1B7CC020-C946-4CC3-A5F8-6E704BE4C002}.Debug|Any CPU.Build.0 = Debug|Any CPU
		{1B7CC020-C946-4CC3-A5F8-6E704BE4C002}.ExportDebug|Any CPU.ActiveCfg = ExportDebug|Any CPU
		{1B7CC020-C946-4CC3-A5F8-6E704BE4C002}.ExportDebug|Any CPU.Build.0 = ExportDebug|Any CPU
		{1B7CC020-C946-4CC3-A5F8-6E704BE4C002}.ExportRelease|Any CPU.ActiveCfg = ExportRelease|Any CPU
		{1B7CC020-C946-4CC3-A5F8-6E704BE4C002}.ExportRelease|Any CPU.Build.0 = ExportRelease|Any CPU
	EndGlobalSection
EndGlobal
